version = 1
revision = 2
requires-python = ">=3.12"

[[package]]
name = "adsearch"
version = "0.1.0"
source = { editable = "." }
dependencies = [
    { name = "ldap3" },
]

[package.metadata]
requires-dist = [{ name = "ldap3", specifier = ">=2.9.1" }]

[[package]]
name = "ldap3"
version = "2.9.1"
source = { registry = "https://pypi.org/simple" }
dependencies = [
    { name = "pyasn1" },
]
sdist = { url = "https://files.pythonhosted.org/packages/43/ac/96bd5464e3edbc61595d0d69989f5d9969ae411866427b2500a8e5b812c0/ldap3-2.9.1.tar.gz", hash = "sha256:f3e7fc4718e3f09dda568b57100095e0ce58633bcabbed8667ce3f8fbaa4229f", size = 398830, upload-time = "2021-07-18T06:34:21.786Z" }
wheels = [
    { url = "https://files.pythonhosted.org/packages/4e/f6/71d6ec9f18da0b2201287ce9db6afb1a1f637dedb3f0703409558981c723/ldap3-2.9.1-py2.py3-none-any.whl", hash = "sha256:5869596fc4948797020d3f03b7939da938778a0f9e2009f7a072ccf92b8e8d70", size = 432192, upload-time = "2021-07-18T06:34:12.905Z" },
]

[[package]]
name = "pyasn1"
version = "0.6.4"
source = { registry = "https://pypi.org/simple" }
sdist = { url = "https://files.pythonhosted.org/packages/a4/9a/23310166d960def5897e91fe20e5b724601b02a22e84ba1f94232c0b7f67/pyasn1-0.6.4.tar.gz", hash = "sha256:9c447d8431c947fe4c8febc4ed9e760bc29011a5b01e5c74b67025bd9fb8ce81", size = 151262, upload-time = "2026-07-09T01:12:33.988Z" }
wheels = [
    { url = "https://files.pythonhosted.org/packages/9a/3b/6163796d69c3977d1e4287bea4a6979161cbbdd170ebb430511e8e1999ce/pyasn1-0.6.4-py3-none-any.whl", hash = "sha256:deda9277cfd454080ec40b207fb6df82206a3a2688735233cdcd8d3d565f088b", size = 84410, upload-time = "2026-07-09T01:12:32.92Z" },
]
